
Microsoft Visual Studio Solution File, Format Version 12.00
# Visual Studio Version 16
VisualStudioVersion = 16.0.30204.135
MinimumVisualStudioVersion = 10.0.40219.1
Project("{FAE04EC0-301F-11D3-BF4B-00C04F79EFBC}") = "sem13", "sem13\sem13.csproj", "{4A8F6670-F063-4AF4-BEFB-5640BE312A98}"
EndProject
Global
	GlobalSection(SolutionConfigurationPlatforms) = preSolution
		Debug|Any CPU = Debug|Any CPU
		Release|Any CPU = Release|Any CPU
	EndGlobalSection
	GlobalSection(ProjectConfigurationPlatforms) = postSolution
		{4A8F6670-F063-4AF4-BEFB-5640BE312A98}.Debug|Any CPU.ActiveCfg = Debug|Any CPU
		{4A8F6670-F063-4AF4-BEFB-5640BE312A98}.Debug|Any CPU.Build.0 = Debug|Any CPU
		{4A8F6670-F063-4AF4-BEFB-5640BE312A98}.Release|Any CPU.ActiveCfg = Release|Any CPU
		{4A8F6670-F063-4AF4-BEFB-5640BE312A98}.Release|Any CPU.Build.0 = Release|Any CPU
	EndGlobalSection
	GlobalSection(SolutionProperties) = preSolution
		HideSolutionNode = FALSE
	EndGlobalSection
	GlobalSection(ExtensibilityGlobals) = postSolution
		SolutionGuid = {F8F3080A-5B2B-4B75-AA73-423AD9F67506}
	EndGlobalSection
EndGlobal
